
Microsoft Visual Studio Solution File, Format Version 12.00
# Visual Studio 15
VisualStudioVersion = 15.0.28307.779
MinimumVisualStudioVersion = 10.0.40219.1
Project("{F2A71F9B-5D33-465A-A702-920D77279786}") = "DifferentiableProgramming", "DifferentiableProgramming\DifferentiableProgramming.fsproj", "{BDA556F7-3ED5-4E1A-91E6-C28DE690D8D3}"
EndProject
Global
	GlobalSection(SolutionConfigurationPlatforms) = preSolution
		Debug|Any CPU = Debug|Any CPU
		Debug|x64 = Debug|x64
		Release|Any CPU = Release|Any CPU
		Release|x64 = Release|x64
	EndGlobalSection
	GlobalSection(ProjectConfigurationPlatforms) = postSolution
		{BDA556F7-3ED5-4E1A-91E6-C28DE690D8D3}.Debug|Any CPU.ActiveCfg = Debug|Any CPU
		{BDA556F7-3ED5-4E1A-91E6-C28DE690D8D3}.Debug|Any CPU.Build.0 = Debug|Any CPU
		{BDA556F7-3ED5-4E1A-91E6-C28DE690D8D3}.Debug|x64.ActiveCfg = Debug|x64
		{BDA556F7-3ED5-4E1A-91E6-C28DE690D8D3}.Debug|x64.Build.0 = Debug|x64
		{BDA556F7-3ED5-4E1A-91E6-C28DE690D8D3}.Release|Any CPU.ActiveCfg = Release|Any CPU
		{BDA556F7-3ED5-4E1A-91E6-C28DE690D8D3}.Release|Any CPU.Build.0 = Release|Any CPU
		{BDA556F7-3ED5-4E1A-91E6-C28DE690D8D3}.Release|x64.ActiveCfg = Release|x64
		{BDA556F7-3ED5-4E1A-91E6-C28DE690D8D3}.Release|x64.Build.0 = Release|x64
	EndGlobalSection
	GlobalSection(SolutionProperties) = preSolution
		HideSolutionNode = FALSE
	EndGlobalSection
	GlobalSection(ExtensibilityGlobals) = postSolution
		SolutionGuid = {A96917C9-EDEB-47D2-8743-56E209DC8A08}
	EndGlobalSection
EndGlobal
